
Microsoft Visual Studio Solution File, Format Version 11.00
# Visual Studio 2010
Project("{FAE04EC0-301F-11D3-BF4B-00C04F79EFBC}") = "eManager.Domain", "eManager.Domain\eManager.Domain.csproj", "{F365FCCA-DF97-4920-8B7D-B1AEF39BD787}"
EndProject
Project("{FAE04EC0-301F-11D3-BF4B-00C04F79EFBC}") = "eManager.Web", "eManager.Web\eManager.Web.csproj", "{FAAAEC23-74AD-4C69-8CB9-F63735B1C920}"
EndProject
Global
	GlobalSection(SolutionConfigurationPlatforms) = preSolution
		Debug|Any CPU = Debug|Any CPU
		Release|Any CPU = Release|Any CPU
	EndGlobalSection
	GlobalSection(ProjectConfigurationPlatforms) = postSolution
		{F365FCCA-DF97-4920-8B7D-B1AEF39BD787}.Debug|Any CPU.ActiveCfg = Debug|Any CPU
		{F365FCCA-DF97-4920-8B7D-B1AEF39BD787}.Debug|Any CPU.Build.0 = Debug|Any CPU
		{F365FCCA-DF97-4920-8B7D-B1AEF39BD787}.Release|Any CPU.ActiveCfg = Release|Any CPU
		{F365FCCA-DF97-4920-8B7D-B1AEF39BD787}.Release|Any CPU.Build.0 = Release|Any CPU
		{FAAAEC23-74AD-4C69-8CB9-F63735B1C920}.Debug|Any CPU.ActiveCfg = Debug|Any CPU
		{FAAAEC23-74AD-4C69-8CB9-F63735B1C920}.Debug|Any CPU.Build.0 = Debug|Any CPU
		{FAAAEC23-74AD-4C69-8CB9-F63735B1C920}.Release|Any CPU.ActiveCfg = Release|Any CPU
		{FAAAEC23-74AD-4C69-8CB9-F63735B1C920}.Release|Any CPU.Build.0 = Release|Any CPU
	EndGlobalSection
	GlobalSection(SolutionProperties) = preSolution
		HideSolutionNode = FALSE
	EndGlobalSection
EndGlobal
